
Microsoft Visual Studio Solution File, Format Version 11.00
# Visual Studio 2010
Project("{FAE04EC0-301F-11D3-BF4B-00C04F79EFBC}") = "GameMenu", "GameMenu\GameMenu\GameMenu.csproj", "{1B73427A-D240-4B61-BB06-5BF011BA7641}"
EndProject
Project("{96E2B04D-8817-42C6-938A-82C39BA4D311}") = "GameMenuContent", "GameMenu\GameMenuContent\GameMenuContent.contentproj", "{9793274C-C35F-4380-80EE-8B6DB1C33466}"
EndProject
Global
	GlobalSection(SolutionConfigurationPlatforms) = preSolution
		Debug|x86 = Debug|x86
		Release|x86 = Release|x86
	EndGlobalSection
	GlobalSection(ProjectConfigurationPlatforms) = postSolution
		{1B73427A-D240-4B61-BB06-5BF011BA7641}.Debug|x86.ActiveCfg = Debug|x86
		{1B73427A-D240-4B61-BB06-5BF011BA7641}.Debug|x86.Build.0 = Debug|x86
		{1B73427A-D240-4B61-BB06-5BF011BA7641}.Release|x86.ActiveCfg = Release|x86
		{1B73427A-D240-4B61-BB06-5BF011BA7641}.Release|x86.Build.0 = Release|x86
		{9793274C-C35F-4380-80EE-8B6DB1C33466}.Debug|x86.ActiveCfg = Debug|x86
		{9793274C-C35F-4380-80EE-8B6DB1C33466}.Release|x86.ActiveCfg = Release|x86
	EndGlobalSection
	GlobalSection(SolutionProperties) = preSolution
		HideSolutionNode = FALSE
	EndGlobalSection
EndGlobal
